
Microsoft Visual Studio Solution File, Format Version 12.00
# Visual Studio Version 16
VisualStudioVersion = 16.0.31729.503
MinimumVisualStudioVersion = 10.0.40219.1
Project("{FAE04EC0-301F-11D3-BF4B-00C04F79EFBC}") = "AsynkProgrammingApproch", "AsynkProgrammingApproch\AsynkProgrammingApproch.csproj", "{08E9F81D-17DC-4BD5-9E90-C97BFF0E8147}"
EndProject
Global
	GlobalSection(SolutionConfigurationPlatforms) = preSolution
		Debug|Any CPU = Debug|Any CPU
		Release|Any CPU = Release|Any CPU
	EndGlobalSection
	GlobalSection(ProjectConfigurationPlatforms) = postSolution
		{08E9F81D-17DC-4BD5-9E90-C97BFF0E8147}.Debug|Any CPU.ActiveCfg = Debug|Any CPU
		{08E9F81D-17DC-4BD5-9E90-C97BFF0E8147}.Debug|Any CPU.Build.0 = Debug|Any CPU
		{08E9F81D-17DC-4BD5-9E90-C97BFF0E8147}.Release|Any CPU.ActiveCfg = Release|Any CPU
		{08E9F81D-17DC-4BD5-9E90-C97BFF0E8147}.Release|Any CPU.Build.0 = Release|Any CPU
	EndGlobalSection
	GlobalSection(SolutionProperties) = preSolution
		HideSolutionNode = FALSE
	EndGlobalSection
	GlobalSection(ExtensibilityGlobals) = postSolution
		SolutionGuid = {884FF168-295D-407D-9F2A-988E25292589}
	EndGlobalSection
EndGlobal
