
Microsoft Visual Studio Solution File, Format Version 12.00
# Visual Studio Version 16
VisualStudioVersion = 16.0.31729.503
MinimumVisualStudioVersion = 10.0.40219.1
Project("{FAE04EC0-301F-11D3-BF4B-00C04F79EFBC}") = "SimpleDelegateAppV2", "SimpleDelegateAppV2\SimpleDelegateAppV2.csproj", "{D5727091-E1AF-44D2-895B-ABC8EB147915}"
EndProject
Global
	GlobalSection(SolutionConfigurationPlatforms) = preSolution
		Debug|Any CPU = Debug|Any CPU
		Release|Any CPU = Release|Any CPU
	EndGlobalSection
	GlobalSection(ProjectConfigurationPlatforms) = postSolution
		{D5727091-E1AF-44D2-895B-ABC8EB147915}.Debug|Any CPU.ActiveCfg = Debug|Any CPU
		{D5727091-E1AF-44D2-895B-ABC8EB147915}.Debug|Any CPU.Build.0 = Debug|Any CPU
		{D5727091-E1AF-44D2-895B-ABC8EB147915}.Release|Any CPU.ActiveCfg = Release|Any CPU
		{D5727091-E1AF-44D2-895B-ABC8EB147915}.Release|Any CPU.Build.0 = Release|Any CPU
	EndGlobalSection
	GlobalSection(SolutionProperties) = preSolution
		HideSolutionNode = FALSE
	EndGlobalSection
	GlobalSection(ExtensibilityGlobals) = postSolution
		SolutionGuid = {DCEE00D6-FEA0-41F3-8307-B25FF6E57A77}
	EndGlobalSection
EndGlobal
