
Microsoft Visual Studio Solution File, Format Version 12.00
# Visual Studio Version 16
VisualStudioVersion = 16.0.31729.503
MinimumVisualStudioVersion = 10.0.40219.1
Project("{FAE04EC0-301F-11D3-BF4B-00C04F79EFBC}") = "LinkedListGenericApp", "LinkedListGenericApp\LinkedListGenericApp.csproj", "{30C961B0-2446-40CD-9EBC-13CFFEB2BAC8}"
EndProject
Global
	GlobalSection(SolutionConfigurationPlatforms) = preSolution
		Debug|Any CPU = Debug|Any CPU
		Release|Any CPU = Release|Any CPU
	EndGlobalSection
	GlobalSection(ProjectConfigurationPlatforms) = postSolution
		{30C961B0-2446-40CD-9EBC-13CFFEB2BAC8}.Debug|Any CPU.ActiveCfg = Debug|Any CPU
		{30C961B0-2446-40CD-9EBC-13CFFEB2BAC8}.Debug|Any CPU.Build.0 = Debug|Any CPU
		{30C961B0-2446-40CD-9EBC-13CFFEB2BAC8}.Release|Any CPU.ActiveCfg = Release|Any CPU
		{30C961B0-2446-40CD-9EBC-13CFFEB2BAC8}.Release|Any CPU.Build.0 = Release|Any CPU
	EndGlobalSection
	GlobalSection(SolutionProperties) = preSolution
		HideSolutionNode = FALSE
	EndGlobalSection
	GlobalSection(ExtensibilityGlobals) = postSolution
		SolutionGuid = {CCB4761C-C9FF-440A-9EB5-DFEEF5CE34DA}
	EndGlobalSection
EndGlobal
