
Microsoft Visual Studio Solution File, Format Version 12.00
# Visual Studio Version 16
VisualStudioVersion = 16.0.31729.503
MinimumVisualStudioVersion = 10.0.40219.1
Project("{FAE04EC0-301F-11D3-BF4B-00C04F79EFBC}") = "NotifierDecoratorApp", "NotifierDecoratorApp\NotifierDecoratorApp.csproj", "{EFA8EA9B-EC6D-48B6-B116-CDE9AD50421D}"
EndProject
Global
	GlobalSection(SolutionConfigurationPlatforms) = preSolution
		Debug|Any CPU = Debug|Any CPU
		Release|Any CPU = Release|Any CPU
	EndGlobalSection
	GlobalSection(ProjectConfigurationPlatforms) = postSolution
		{EFA8EA9B-EC6D-48B6-B116-CDE9AD50421D}.Debug|Any CPU.ActiveCfg = Debug|Any CPU
		{EFA8EA9B-EC6D-48B6-B116-CDE9AD50421D}.Debug|Any CPU.Build.0 = Debug|Any CPU
		{EFA8EA9B-EC6D-48B6-B116-CDE9AD50421D}.Release|Any CPU.ActiveCfg = Release|Any CPU
		{EFA8EA9B-EC6D-48B6-B116-CDE9AD50421D}.Release|Any CPU.Build.0 = Release|Any CPU
	EndGlobalSection
	GlobalSection(SolutionProperties) = preSolution
		HideSolutionNode = FALSE
	EndGlobalSection
	GlobalSection(ExtensibilityGlobals) = postSolution
		SolutionGuid = {E4435DC3-1392-4CD1-B7AA-262C903D453C}
	EndGlobalSection
EndGlobal
