
Microsoft Visual Studio Solution File, Format Version 12.00
# Visual Studio Version 16
VisualStudioVersion = 16.0.31729.503
MinimumVisualStudioVersion = 10.0.40219.1
Project("{FAE04EC0-301F-11D3-BF4B-00C04F79EFBC}") = "LambdaExpressionApp", "LambdaExpressionApp\LambdaExpressionApp.csproj", "{05E75E76-876C-4225-B40B-65156637FCD2}"
EndProject
Global
	GlobalSection(SolutionConfigurationPlatforms) = preSolution
		Debug|Any CPU = Debug|Any CPU
		Release|Any CPU = Release|Any CPU
	EndGlobalSection
	GlobalSection(ProjectConfigurationPlatforms) = postSolution
		{05E75E76-876C-4225-B40B-65156637FCD2}.Debug|Any CPU.ActiveCfg = Debug|Any CPU
		{05E75E76-876C-4225-B40B-65156637FCD2}.Debug|Any CPU.Build.0 = Debug|Any CPU
		{05E75E76-876C-4225-B40B-65156637FCD2}.Release|Any CPU.ActiveCfg = Release|Any CPU
		{05E75E76-876C-4225-B40B-65156637FCD2}.Release|Any CPU.Build.0 = Release|Any CPU
	EndGlobalSection
	GlobalSection(SolutionProperties) = preSolution
		HideSolutionNode = FALSE
	EndGlobalSection
	GlobalSection(ExtensibilityGlobals) = postSolution
		SolutionGuid = {F9E8D498-C3FB-4A26-9CC4-D6E63E3B545A}
	EndGlobalSection
EndGlobal
