
Microsoft Visual Studio Solution File, Format Version 12.00
# Visual Studio Version 16
VisualStudioVersion = 16.0.31729.503
MinimumVisualStudioVersion = 10.0.40219.1
Project("{FAE04EC0-301F-11D3-BF4B-00C04F79EFBC}") = "FirstSimpleFormApp", "FirstSimpleFormApp\FirstSimpleFormApp.csproj", "{878BC9BE-85C4-4E72-9373-B61633ECE7CC}"
EndProject
Global
	GlobalSection(SolutionConfigurationPlatforms) = preSolution
		Debug|Any CPU = Debug|Any CPU
		Release|Any CPU = Release|Any CPU
	EndGlobalSection
	GlobalSection(ProjectConfigurationPlatforms) = postSolution
		{878BC9BE-85C4-4E72-9373-B61633ECE7CC}.Debug|Any CPU.ActiveCfg = Debug|Any CPU
		{878BC9BE-85C4-4E72-9373-B61633ECE7CC}.Debug|Any CPU.Build.0 = Debug|Any CPU
		{878BC9BE-85C4-4E72-9373-B61633ECE7CC}.Release|Any CPU.ActiveCfg = Release|Any CPU
		{878BC9BE-85C4-4E72-9373-B61633ECE7CC}.Release|Any CPU.Build.0 = Release|Any CPU
	EndGlobalSection
	GlobalSection(SolutionProperties) = preSolution
		HideSolutionNode = FALSE
	EndGlobalSection
	GlobalSection(ExtensibilityGlobals) = postSolution
		SolutionGuid = {65C57050-3950-4253-AD15-ADF9061452DF}
	EndGlobalSection
EndGlobal
