
Microsoft Visual Studio Solution File, Format Version 12.00
# Visual Studio Version 16
VisualStudioVersion = 16.0.31729.503
MinimumVisualStudioVersion = 10.0.40219.1
Project("{FAE04EC0-301F-11D3-BF4B-00C04F79EFBC}") = "CalculatorLib", "CalculatorLib\CalculatorLib.csproj", "{721D5908-8885-4BF3-B98A-B2DDD75F3A85}"
EndProject
Project("{FAE04EC0-301F-11D3-BF4B-00C04F79EFBC}") = "CalculatorConsoleApp", "CalculatorConsoleApp\CalculatorConsoleApp.csproj", "{BAF9E820-13BD-4ADC-8CEF-079C40C87B92}"
EndProject
Global
	GlobalSection(SolutionConfigurationPlatforms) = preSolution
		Debug|Any CPU = Debug|Any CPU
		Release|Any CPU = Release|Any CPU
	EndGlobalSection
	GlobalSection(ProjectConfigurationPlatforms) = postSolution
		{721D5908-8885-4BF3-B98A-B2DDD75F3A85}.Debug|Any CPU.ActiveCfg = Debug|Any CPU
		{721D5908-8885-4BF3-B98A-B2DDD75F3A85}.Debug|Any CPU.Build.0 = Debug|Any CPU
		{721D5908-8885-4BF3-B98A-B2DDD75F3A85}.Release|Any CPU.ActiveCfg = Release|Any CPU
		{721D5908-8885-4BF3-B98A-B2DDD75F3A85}.Release|Any CPU.Build.0 = Release|Any CPU
		{BAF9E820-13BD-4ADC-8CEF-079C40C87B92}.Debug|Any CPU.ActiveCfg = Debug|Any CPU
		{BAF9E820-13BD-4ADC-8CEF-079C40C87B92}.Debug|Any CPU.Build.0 = Debug|Any CPU
		{BAF9E820-13BD-4ADC-8CEF-079C40C87B92}.Release|Any CPU.ActiveCfg = Release|Any CPU
		{BAF9E820-13BD-4ADC-8CEF-079C40C87B92}.Release|Any CPU.Build.0 = Release|Any CPU
	EndGlobalSection
	GlobalSection(SolutionProperties) = preSolution
		HideSolutionNode = FALSE
	EndGlobalSection
	GlobalSection(ExtensibilityGlobals) = postSolution
		SolutionGuid = {EA479AF8-F773-4516-AFDA-F1EC0219B8D3}
	EndGlobalSection
EndGlobal
