
Microsoft Visual Studio Solution File, Format Version 12.00
# Visual Studio Version 16
VisualStudioVersion = 16.0.31729.503
MinimumVisualStudioVersion = 10.0.40219.1
Project("{FAE04EC0-301F-11D3-BF4B-00C04F79EFBC}") = "EmpDataAnalyzer", "EmpDataAnalyzer\EmpDataAnalyzer.csproj", "{C1BBE623-CC04-4BD5-B910-84A53A89DCBF}"
EndProject
Global
	GlobalSection(SolutionConfigurationPlatforms) = preSolution
		Debug|Any CPU = Debug|Any CPU
		Release|Any CPU = Release|Any CPU
	EndGlobalSection
	GlobalSection(ProjectConfigurationPlatforms) = postSolution
		{C1BBE623-CC04-4BD5-B910-84A53A89DCBF}.Debug|Any CPU.ActiveCfg = Debug|Any CPU
		{C1BBE623-CC04-4BD5-B910-84A53A89DCBF}.Debug|Any CPU.Build.0 = Debug|Any CPU
		{C1BBE623-CC04-4BD5-B910-84A53A89DCBF}.Release|Any CPU.ActiveCfg = Release|Any CPU
		{C1BBE623-CC04-4BD5-B910-84A53A89DCBF}.Release|Any CPU.Build.0 = Release|Any CPU
	EndGlobalSection
	GlobalSection(SolutionProperties) = preSolution
		HideSolutionNode = FALSE
	EndGlobalSection
	GlobalSection(ExtensibilityGlobals) = postSolution
		SolutionGuid = {F2981977-0DA9-4AD0-A26A-DB5D485AE268}
	EndGlobalSection
EndGlobal
